{"format_version":"1.0","terraform_version":"1.1.2","planned_values":{"root_module":{"child_modules":[{"resources":[{"address":"module.mongodb.data.aws_ssm_parameter.sdb_host[0]","mode":"data","type":"aws_ssm_parameter","name":"sdb_host","index":0,"provider_name":"registry.terraform.io/hashicorp/aws","schema_version":0,"values":{"name":"/infra/src-db/db-host","with_decryption":null},"sensitive_values":{}},{"address":"module.mongodb.data.aws_ssm_parameter.sdb_password[0]","mode":"data","type":"aws_ssm_parameter","name":"sdb_password","index":0,"provider_name":"registry.terraform.io/hashicorp/aws","schema_version":0,"values":{"name":"/infra/src-db/db-password","with_decryption":null},"sensitive_values":{}},{"address":"module.mongodb.data.aws_ssm_parameter.sdb_username[0]","mode":"data","type":"aws_ssm_parameter","name":"sdb_username","index":0,"provider_name":"registry.terraform.io/hashicorp/aws","schema_version":0,"values":{"name":"/infra/src-db/db-username","with_decryption":null},"sensitive_values":{}},{"address":"module.mongodb.data.template_file.mongo_backup","mode":"data","type":"template_file","name":"mongo_backup","provider_name":"registry.terraform.io/hashicorp/template","schema_version":0,"values":{"filename":null,"template":"mongo_actions.sh -a mongo_backup -s ${SERVICE_NAME} -w ${WORKSPACE} -e ${ENV_TYPE} -p ${AWS_PROFILE} -dbh ${DBHOST} -dbu ${DBUSER} -dbp ${DBPASSWORD}\n","vars":{"AWS_PROFILE":"my-aws-profile","DBUSER":"chorus-test-dbuser","ENV_TYPE":"non-prod","SERVICE_NAME":"chorus","WORKSPACE":"test"}},"sensitive_values":{"vars":{"DBPASSWORD":true}}},{"address":"module.mongodb.data.template_file.mongo_restore","mode":"data","type":"template_file","name":"mongo_restore","provider_name":"registry.terraform.io/hashicorp/template","schema_version":0,"values":{"filename":null,"template":"mongo_actions.sh -a mongo_restore -s ${SERVICE_NAME} -w ${WORKSPACE} -e ${ENV_TYPE} -p ${AWS_PROFILE} -dbh ${DBHOST}  -dbu ${DBUSER} -dbp ${DBPASSWORD} -sdb ${INIT_DB_ENVIRONMENT} -sdbu ${SDBUSER} -sdbp ${SDBPASSWORD} -sdbh ${SDBHOST}\n","vars":{"AWS_PROFILE":"my-aws-profile","DBUSER":"chorus-test-dbuser","ENV_TYPE":"non-prod","INIT_DB_AWS_PROFILE":"src-aws-profile","INIT_DB_ENVIRONMENT":"src-db","SDBHOST":"NULL","SDBPASSWORD":"NULL","SDBUSER":"NULL","SERVICE_NAME":"chorus","WORKSPACE":"test"}},"sensitive_values":{"vars":{"DBPASSWORD":true}}},{"address":"module.mongodb.mongodbatlas_cluster.main","mode":"managed","type":"mongodbatlas_cluster","name":"main","provider_name":"registry.terraform.io/mongodb/mongodbatlas","schema_version":1,"values":{"auto_scaling_disk_gb_enabled":true,"backup_enabled":false,"bi_connector":null,"cloud_backup":true,"disk_size_gb":10,"mongo_db_major_version":"4.2","name":"chorus-test","num_shards":1,"project_id":"1234567890abcdefghijklmno","provider_backup_enabled":false,"provider_disk_iops":1000,"provider_instance_size_name":"M10","provider_name":"AWS","provider_region_name":"US_EAST_1","provider_volume_type":"STANDARD","replication_factor":3},"sensitive_values":{"advanced_configuration":[],"bi_connector_config":[],"connection_strings":[],"labels":[],"replication_specs":[],"snapshot_backup_policy":[]}},{"address":"module.mongodb.mongodbatlas_database_user.main","mode":"managed","type":"mongodbatlas_database_user","name":"main","provider_name":"registry.terraform.io/mongodb/mongodbatlas","schema_version":0,"values":{"auth_database_name":"admin","aws_iam_type":"NONE","database_name":null,"ldap_auth_type":"NONE","project_id":"1234567890abcdefghijklmno","roles":[{"database_name":"test-db","role_name":"readWrite"}],"scopes":[],"username":"chorus-test-dbuser","x509_type":"NONE"},"sensitive_values":{"labels":[],"password":true,"roles":[{}],"scopes":[]}},{"address":"module.mongodb.null_resource.db_backup[0]","mode":"managed","type":"null_resource","name":"db_backup","index":0,"provider_name":"registry.terraform.io/hashicorp/null","schema_version":0,"sensitive_values":{"triggers":{}}},{"address":"module.mongodb.null_resource.db_restore[0]","mode":"managed","type":"null_resource","name":"db_restore","index":0,"provider_name":"registry.terraform.io/hashicorp/null","schema_version":0,"sensitive_values":{"triggers":{}}},{"address":"module.mongodb.random_password.password","mode":"managed","type":"random_password","name":"password","provider_name":"registry.terraform.io/hashicorp/random","schema_version":0,"values":{"keepers":null,"length":14,"lower":true,"min_lower":0,"min_numeric":0,"min_special":0,"min_upper":0,"number":true,"override_special":null,"special":false,"upper":false},"sensitive_values":{}}],"address":"module.mongodb"}]}},"resource_changes":[{"address":"module.mongodb.data.aws_ssm_parameter.sdb_host[0]","module_address":"module.mongodb","mode":"data","type":"aws_ssm_parameter","name":"sdb_host","index":0,"provider_name":"registry.terraform.io/hashicorp/aws","change":{"actions":["read"],"before":null,"after":{"name":"/infra/src-db/db-host","with_decryption":null},"after_unknown":{"arn":true,"id":true,"type":true,"value":true,"version":true},"before_sensitive":false,"after_sensitive":{"value":true}}},{"address":"module.mongodb.data.aws_ssm_parameter.sdb_password[0]","module_address":"module.mongodb","mode":"data","type":"aws_ssm_parameter","name":"sdb_password","index":0,"provider_name":"registry.terraform.io/hashicorp/aws","change":{"actions":["read"],"before":null,"after":{"name":"/infra/src-db/db-password","with_decryption":null},"after_unknown":{"arn":true,"id":true,"type":true,"value":true,"version":true},"before_sensitive":false,"after_sensitive":{"value":true}}},{"address":"module.mongodb.data.aws_ssm_parameter.sdb_username[0]","module_address":"module.mongodb","mode":"data","type":"aws_ssm_parameter","name":"sdb_username","index":0,"provider_name":"registry.terraform.io/hashicorp/aws","change":{"actions":["read"],"before":null,"after":{"name":"/infra/src-db/db-username","with_decryption":null},"after_unknown":{"arn":true,"id":true,"type":true,"value":true,"version":true},"before_sensitive":false,"after_sensitive":{"value":true}}},{"address":"module.mongodb.data.template_file.mongo_backup","module_address":"module.mongodb","mode":"data","type":"template_file","name":"mongo_backup","provider_name":"registry.terraform.io/hashicorp/template","change":{"actions":["read"],"before":null,"after":{"filename":null,"template":"mongo_actions.sh -a mongo_backup -s ${SERVICE_NAME} -w ${WORKSPACE} -e ${ENV_TYPE} -p ${AWS_PROFILE} -dbh ${DBHOST} -dbu ${DBUSER} -dbp ${DBPASSWORD}\n","vars":{"AWS_PROFILE":"my-aws-profile","DBUSER":"chorus-test-dbuser","ENV_TYPE":"non-prod","SERVICE_NAME":"chorus","WORKSPACE":"test"}},"after_unknown":{"id":true,"rendered":true,"vars":{"DBHOST":true,"DBPASSWORD":true}},"before_sensitive":false,"after_sensitive":{"vars":{"DBPASSWORD":true}}}},{"address":"module.mongodb.data.template_file.mongo_restore","module_address":"module.mongodb","mode":"data","type":"template_file","name":"mongo_restore","provider_name":"registry.terraform.io/hashicorp/template","change":{"actions":["read"],"before":null,"after":{"filename":null,"template":"mongo_actions.sh -a mongo_restore -s ${SERVICE_NAME} -w ${WORKSPACE} -e ${ENV_TYPE} -p ${AWS_PROFILE} -dbh ${DBHOST}  -dbu ${DBUSER} -dbp ${DBPASSWORD} -sdb ${INIT_DB_ENVIRONMENT} -sdbu ${SDBUSER} -sdbp ${SDBPASSWORD} -sdbh ${SDBHOST}\n","vars":{"AWS_PROFILE":"my-aws-profile","DBUSER":"chorus-test-dbuser","ENV_TYPE":"non-prod","INIT_DB_AWS_PROFILE":"src-aws-profile","INIT_DB_ENVIRONMENT":"src-db","SDBHOST":"NULL","SDBPASSWORD":"NULL","SDBUSER":"NULL","SERVICE_NAME":"chorus","WORKSPACE":"test"}},"after_unknown":{"id":true,"rendered":true,"vars":{"DBHOST":true,"DBPASSWORD":true}},"before_sensitive":false,"after_sensitive":{"vars":{"DBPASSWORD":true}}}},{"address":"module.mongodb.mongodbatlas_cluster.main","module_address":"module.mongodb","mode":"managed","type":"mongodbatlas_cluster","name":"main","provider_name":"registry.terraform.io/mongodb/mongodbatlas","change":{"actions":["create"],"before":null,"after":{"auto_scaling_disk_gb_enabled":true,"backup_enabled":false,"bi_connector":null,"cloud_backup":true,"disk_size_gb":10,"mongo_db_major_version":"4.2","name":"chorus-test","num_shards":1,"project_id":"1234567890abcdefghijklmno","provider_backup_enabled":false,"provider_disk_iops":1000,"provider_instance_size_name":"M10","provider_name":"AWS","provider_region_name":"US_EAST_1","provider_volume_type":"STANDARD","replication_factor":3},"after_unknown":{"advanced_configuration":true,"auto_scaling_compute_enabled":true,"auto_scaling_compute_scale_down_enabled":true,"backing_provider_name":true,"bi_connector_config":true,"cluster_id":true,"cluster_type":true,"connection_strings":true,"container_id":true,"encryption_at_rest_provider":true,"id":true,"labels":true,"mongo_db_version":true,"mongo_uri":true,"mongo_uri_updated":true,"mongo_uri_with_options":true,"paused":true,"pit_enabled":true,"provider_auto_scaling_compute_max_instance_size":true,"provider_auto_scaling_compute_min_instance_size":true,"provider_disk_type_name":true,"provider_encrypt_ebs_volume":true,"provider_encrypt_ebs_volume_flag":true,"replication_specs":true,"snapshot_backup_policy":true,"srv_address":true,"state_name":true},"before_sensitive":false,"after_sensitive":{"advanced_configuration":[],"bi_connector_config":[],"connection_strings":[],"labels":[],"replication_specs":[],"snapshot_backup_policy":[]}}},{"address":"module.mongodb.mongodbatlas_database_user.main","module_address":"module.mongodb","mode":"managed","type":"mongodbatlas_database_user","name":"main","provider_name":"registry.terraform.io/mongodb/mongodbatlas","change":{"actions":["create"],"before":null,"after":{"auth_database_name":"admin","aws_iam_type":"NONE","database_name":null,"ldap_auth_type":"NONE","project_id":"1234567890abcdefghijklmno","roles":[{"database_name":"test-db","role_name":"readWrite"}],"scopes":[],"username":"chorus-test-dbuser","x509_type":"NONE"},"after_unknown":{"id":true,"labels":true,"password":true,"roles":[{"collection_name":true}],"scopes":[]},"before_sensitive":false,"after_sensitive":{"labels":[],"password":true,"roles":[{}],"scopes":[]}}},{"address":"module.mongodb.null_resource.db_backup[0]","module_address":"module.mongodb","mode":"managed","type":"null_resource","name":"db_backup","index":0,"provider_name":"registry.terraform.io/hashicorp/null","change":{"actions":["create"],"before":null,"after":{},"after_unknown":{"id":true,"triggers":true},"before_sensitive":false,"after_sensitive":{"triggers":{}}}},{"address":"module.mongodb.null_resource.db_restore[0]","module_address":"module.mongodb","mode":"managed","type":"null_resource","name":"db_restore","index":0,"provider_name":"registry.terraform.io/hashicorp/null","change":{"actions":["create"],"before":null,"after":{},"after_unknown":{"id":true,"triggers":true},"before_sensitive":false,"after_sensitive":{"triggers":{}}}},{"address":"module.mongodb.random_password.password","module_address":"module.mongodb","mode":"managed","type":"random_password","name":"password","provider_name":"registry.terraform.io/hashicorp/random","change":{"actions":["create"],"before":null,"after":{"keepers":null,"length":14,"lower":true,"min_lower":0,"min_numeric":0,"min_special":0,"min_upper":0,"number":true,"override_special":null,"special":false,"upper":false},"after_unknown":{"id":true,"result":true},"before_sensitive":false,"after_sensitive":{"result":true}}}],"prior_state":{"format_version":"1.0","terraform_version":"1.1.2","values":{"root_module":{"child_modules":[{"resources":[{"address":"module.mongodb.data.aws_s3_bucket_objects.get_dump_list","mode":"data","type":"aws_s3_bucket_objects","name":"get_dump_list","provider_name":"registry.terraform.io/hashicorp/aws","schema_version":0,"values":{"bucket":"chorus-non-prod-mongodb-dumps","common_prefixes":[],"delimiter":null,"encoding_type":null,"fetch_owner":null,"id":"chorus-non-prod-mongodb-dumps","keys":[],"max_keys":1000,"owners":[],"prefix":"test/test-db.tar","start_after":null},"sensitive_values":{"common_prefixes":[],"keys":[],"owners":[]}}],"address":"module.mongodb"}]}}},"configuration":{"provider_config":{"aws":{"name":"aws","expressions":{"profile":{"constant_value":"chorus-non-prod"},"region":{"constant_value":"us-east-1"}}},"module.mongodb:mongodbatlas":{"name":"mongodbatlas","version_constraint":"1.1.1","module_address":"module.mongodb"},"mongodbatlas":{"name":"mongodbatlas","version_constraint":"1.1.1"}},"root_module":{"module_calls":{"mongodb":{"source":"../","expressions":{"allowed_envs":{"constant_value":[]},"app_name":{"constant_value":"chorus"},"atlas_num_of_replicas":{"constant_value":3},"atlas_num_of_shards":{"constant_value":1},"atlas_region":{"constant_value":"US_EAST_1"},"atlasprojectid":{"constant_value":"1234567890abcdefghijklmno"},"aws_profile":{"constant_value":"my-aws-profile"},"aws_vpce":{"constant_value":"my-vpce-id"},"backup_on_destroy":{"constant_value":true},"db_name":{"constant_value":"test-db"},"disk_size_gb":{"constant_value":10},"env_type":{"constant_value":"non-prod"},"environment":{"constant_value":"test"},"init_db_aws_profile":{"constant_value":"src-aws-profile"},"init_db_environment":{"constant_value":"src-db"},"mongo_db_major_version":{"constant_value":"4.2"},"provider_disk_iops":{"constant_value":1000},"provider_instance_size_name":{"constant_value":"M10"},"provider_volume_type":{"constant_value":"STANDARD"},"restore_on_create":{"constant_value":true}},"module":{"outputs":{"cluster_connection_sting":{"expression":{"references":["mongodbatlas_cluster.main.connection_strings[0].standard_srv","mongodbatlas_cluster.main.connection_strings[0]","mongodbatlas_cluster.main.connection_strings","mongodbatlas_cluster.main"]}},"s3_dump_file":{"expression":{"references":["data.aws_s3_bucket_object.get_dump_data"]}}},"resources":[{"address":"aws_ssm_parameter.db_hostname","mode":"managed","type":"aws_ssm_parameter","name":"db_hostname","provider_config_key":"mongodb:aws","expressions":{"description":{"constant_value":"terraform_db_hostname"},"name":{"references":["each.key"]},"overwrite":{"constant_value":true},"type":{"constant_value":"SecureString"},"value":{"references":["mongodbatlas_cluster.main.connection_strings[0].aws_private_link_srv","mongodbatlas_cluster.main.connection_strings[0]","mongodbatlas_cluster.main.connection_strings","mongodbatlas_cluster.main","var.aws_vpce","each.key","mongodbatlas_cluster.main.srv_address","mongodbatlas_cluster.main"]}},"schema_version":0,"for_each_expression":{"references":["var.allowed_envs"]},"depends_on":["mongodbatlas_cluster.main"]},{"address":"aws_ssm_parameter.db_password","mode":"managed","type":"aws_ssm_parameter","name":"db_password","provider_config_key":"mongodb:aws","expressions":{"description":{"constant_value":"terraform_db_password"},"name":{"references":["each.key"]},"overwrite":{"constant_value":true},"type":{"constant_value":"SecureString"},"value":{"references":["random_password.password.result","random_password.password"]}},"schema_version":0,"for_each_expression":{"references":["var.allowed_envs"]}},{"address":"aws_ssm_parameter.db_username","mode":"managed","type":"aws_ssm_parameter","name":"db_username","provider_config_key":"mongodb:aws","expressions":{"description":{"constant_value":"terraform_db_username"},"name":{"references":["each.key"]},"overwrite":{"constant_value":true},"type":{"constant_value":"SecureString"},"value":{"references":["var.app_name","var.environment"]}},"schema_version":0,"for_each_expression":{"references":["var.allowed_envs"]}},{"address":"mongodbatlas_cluster.main","mode":"managed","type":"mongodbatlas_cluster","name":"main","provider_config_key":"mongodb:mongodbatlas","expressions":{"auto_scaling_disk_gb_enabled":{"constant_value":true},"cloud_backup":{"constant_value":true},"disk_size_gb":{"references":["var.disk_size_gb"]},"mongo_db_major_version":{"references":["var.mongo_db_major_version"]},"name":{"references":["var.app_name","var.environment"]},"num_shards":{"references":["var.atlas_num_of_shards"]},"project_id":{"references":["var.atlasprojectid"]},"provider_disk_iops":{"references":["var.provider_disk_iops"]},"provider_instance_size_name":{"references":["var.provider_instance_size_name"]},"provider_name":{"constant_value":"AWS"},"provider_region_name":{"references":["var.atlas_region"]},"provider_volume_type":{"references":["var.provider_volume_type"]},"replication_factor":{"references":["var.atlas_num_of_replicas"]}},"schema_version":1},{"address":"mongodbatlas_database_user.main","mode":"managed","type":"mongodbatlas_database_user","name":"main","provider_config_key":"mongodb:mongodbatlas","expressions":{"auth_database_name":{"constant_value":"admin"},"password":{"references":["random_password.password.result","random_password.password"]},"project_id":{"references":["var.atlasprojectid"]},"roles":[{"database_name":{"references":["var.db_name"]},"role_name":{"constant_value":"readWrite"}}],"username":{"references":["var.app_name","var.environment"]}},"schema_version":0},{"address":"null_resource.db_backup","mode":"managed","type":"null_resource","name":"db_backup","provider_config_key":"mongodb:null","provisioners":[{"type":"local-exec","expressions":{"command":{"references":["path.module","self.triggers.backup_file","self.triggers","self"]},"environment":{"references":["self.triggers","self"]}}}],"expressions":{"triggers":{"references":["mongodbatlas_cluster.main.srv_address","mongodbatlas_cluster.main","data.template_file.mongo_backup.rendered","data.template_file.mongo_backup","var.hide_sensitive"]}},"schema_version":0,"count_expression":{"references":["var.backup_on_destroy"]},"depends_on":["mongodbatlas_database_user.main","aws_ssm_parameter.db_username","aws_ssm_parameter.db_password","aws_ssm_parameter.db_hostname","data.template_file.mongo_backup"]},{"address":"null_resource.db_restore","mode":"managed","type":"null_resource","name":"db_restore","provider_config_key":"mongodb:null","provisioners":[{"type":"local-exec","expressions":{"command":{"references":["path.module","data.template_file.mongo_restore.rendered","data.template_file.mongo_restore"]},"environment":{"references":["var.hide_sensitive"]}}}],"expressions":{"triggers":{"references":["mongodbatlas_cluster.main.srv_address","mongodbatlas_cluster.main"]}},"schema_version":0,"count_expression":{"references":["var.restore_on_create"]},"depends_on":["mongodbatlas_database_user.main","aws_ssm_parameter.db_username","aws_ssm_parameter.db_password","aws_ssm_parameter.db_hostname","data.template_file.mongo_restore"]},{"address":"random_password.password","mode":"managed","type":"random_password","name":"password","provider_config_key":"mongodb:random","expressions":{"length":{"constant_value":14},"special":{"constant_value":false},"upper":{"constant_value":false}},"schema_version":0},{"address":"data.aws_s3_bucket_object.get_dump_data","mode":"data","type":"aws_s3_bucket_object","name":"get_dump_data","provider_config_key":"mongodb:aws","expressions":{"bucket":{"references":["data.aws_s3_bucket_objects.get_dump_list.bucket","data.aws_s3_bucket_objects.get_dump_list"]},"key":{"references":["data.aws_s3_bucket_objects.get_dump_list.keys[0]","data.aws_s3_bucket_objects.get_dump_list.keys","data.aws_s3_bucket_objects.get_dump_list"]}},"schema_version":0,"count_expression":{"references":["data.aws_s3_bucket_objects.get_dump_list.keys","data.aws_s3_bucket_objects.get_dump_list"]},"depends_on":["data.aws_s3_bucket_objects.get_dump_list"]},{"address":"data.aws_s3_bucket_objects.get_dump_list","mode":"data","type":"aws_s3_bucket_objects","name":"get_dump_list","provider_config_key":"mongodb:aws","expressions":{"bucket":{"references":["var.app_name","var.env_type"]},"prefix":{"references":["var.environment","var.db_name"]}},"schema_version":0},{"address":"data.aws_ssm_parameter.sdb_host","mode":"data","type":"aws_ssm_parameter","name":"sdb_host","provider_config_key":"mongodb:aws","expressions":{"name":{"references":["var.init_db_environment"]}},"schema_version":0,"count_expression":{"references":["var.init_db_environment"]},"depends_on":["mongodbatlas_database_user.main","aws_ssm_parameter.db_username","aws_ssm_parameter.db_password","aws_ssm_parameter.db_hostname"]},{"address":"data.aws_ssm_parameter.sdb_password","mode":"data","type":"aws_ssm_parameter","name":"sdb_password","provider_config_key":"mongodb:aws","expressions":{"name":{"references":["var.init_db_environment"]}},"schema_version":0,"count_expression":{"references":["var.init_db_environment"]},"depends_on":["mongodbatlas_database_user.main","aws_ssm_parameter.db_username","aws_ssm_parameter.db_password","aws_ssm_parameter.db_hostname"]},{"address":"data.aws_ssm_parameter.sdb_username","mode":"data","type":"aws_ssm_parameter","name":"sdb_username","provider_config_key":"mongodb:aws","expressions":{"name":{"references":["var.init_db_environment"]}},"schema_version":0,"count_expression":{"references":["var.init_db_environment"]},"depends_on":["mongodbatlas_database_user.main","aws_ssm_parameter.db_username","aws_ssm_parameter.db_password","aws_ssm_parameter.db_hostname"]},{"address":"data.template_file.mongo_backup","mode":"data","type":"template_file","name":"mongo_backup","provider_config_key":"mongodb:template","expressions":{"template":{"references":["path.module"]},"vars":{"references":["var.app_name","var.environment","var.env_type","var.aws_profile","mongodbatlas_cluster.main.srv_address","mongodbatlas_cluster.main","mongodbatlas_database_user.main.username","mongodbatlas_database_user.main","random_password.password.result","random_password.password"]}},"schema_version":0,"depends_on":["mongodbatlas_database_user.main","aws_ssm_parameter.db_username","aws_ssm_parameter.db_password","aws_ssm_parameter.db_hostname"]},{"address":"data.template_file.mongo_restore","mode":"data","type":"template_file","name":"mongo_restore","provider_config_key":"mongodb:template","expressions":{"template":{"references":["path.module"]},"vars":{"references":["var.app_name","var.environment","var.env_type","var.aws_profile","mongodbatlas_cluster.main.srv_address","mongodbatlas_cluster.main","mongodbatlas_database_user.main.username","mongodbatlas_database_user.main","random_password.password.result","random_password.password","var.init_db_environment","var.init_db_aws_profile","data.aws_ssm_parameter.sdb_host[1].value","data.aws_ssm_parameter.sdb_host[1]","data.aws_ssm_parameter.sdb_host","data.aws_ssm_parameter.sdb_username[1].value","data.aws_ssm_parameter.sdb_username[1]","data.aws_ssm_parameter.sdb_username","data.aws_ssm_parameter.sdb_password[1].value","data.aws_ssm_parameter.sdb_password[1]","data.aws_ssm_parameter.sdb_password"]}},"schema_version":0,"depends_on":["mongodbatlas_database_user.main","aws_ssm_parameter.db_username","aws_ssm_parameter.db_password","aws_ssm_parameter.db_hostname"]}],"variables":{"allowed_envs":{"description":"The app environment allowed for this db"},"app_name":{"description":"Application name"},"atlas_num_of_replicas":{"description":"Number of replicas"},"atlas_num_of_shards":{"default":1,"description":"Number of shards"},"atlas_region":{"default":"US_EAST_1","description":"Atlas Region"},"atlasprojectid":{"description":"Atlas Project ID"},"aws_profile":{"description":"AWS profile"},"aws_vpce":{"description":"The vpcednpoint for matching envs"},"backup_on_destroy":{"default":true,"description":"Create dump on destory"},"db_name":{"description":"Database name to use"},"disk_size_gb":{"default":10,"description":"MongoDB disk size in GB"},"env_type":{"description":"Environment type prod/non-prod"},"environment":{"description":"Environment name"},"hide_sensitive":{"default":"hide_sensitive","sensitive":true},"init_db_aws_profile":{"default":"NULL","description":"Source envirnment aws profile to restore db from"},"init_db_environment":{"default":"NULL","description":"Source envirnment name to restore db from"},"mongo_db_major_version":{"default":"4.2","description":"MongoDB version"},"provider_disk_iops":{"default":1000,"description":"MongoDB disk iops"},"provider_instance_size_name":{"default":"M10","description":"MongoDB instance type"},"provider_volume_type":{"default":"STANDARD","description":"MongoDB volume type"},"restore_on_create":{"default":true,"description":"Restore DB from dump file"}}}}}}}}
